
Microsoft Visual Studio Solution File, Format Version 12.00
# Visual Studio Version 16
VisualStudioVersion = 16.0.30523.141
MinimumVisualStudioVersion = 10.0.40219.1
Project("{9A19103F-16F7-4668-BE54-9A1E7A4F7556}") = "ProjectHydraAPI", "..\ProjectHydraAPI\ProjectHydraAPI.csproj", "{75E1D003-14CB-4273-84B0-E55145D0ABAE}"
EndProject
Project("{9A19103F-16F7-4668-BE54-9A1E7A4F7556}") = "ProjectHydraDesktop", "..\ProjectHydraDesktop\ProjectHydraDesktop.csproj", "{0C03EFDA-54F9-4D34-BF59-AA5B388E8974}"
EndProject
Project("{9A19103F-16F7-4668-BE54-9A1E7A4F7556}") = "ProjectHydraRestLibary", "..\ProjectHydraRestLibary\ProjectHydraRestLibary.csproj", "{8C1E5FE5-582A-4075-B2BF-123A789162F9}"
EndProject
Project("{9A19103F-16F7-4668-BE54-9A1E7A4F7556}") = "ProjectHydraMobile", "..\ProjectHydraMobile\ProjectHydraMobile\ProjectHydraMobile.csproj", "{367E74ED-5CD4-4A97-B007-5379CC54C07D}"
EndProject
Project("{FAE04EC0-301F-11D3-BF4B-00C04F79EFBC}") = "ProjectHydraMobile.Android", "..\ProjectHydraMobile\ProjectHydraMobile.Android\ProjectHydraMobile.Android.csproj", "{AD03AA54-B45D-4926-B22F-F576BE0F631A}"
EndProject
Global
	GlobalSection(SolutionConfigurationPlatforms) = preSolution
		Debug|Any CPU = Debug|Any CPU
		Release|Any CPU = Release|Any CPU
	EndGlobalSection
	GlobalSection(ProjectConfigurationPlatforms) = postSolution
		{75E1D003-14CB-4273-84B0-E55145D0ABAE}.Debug|Any CPU.ActiveCfg = Debug|Any CPU
		{75E1D003-14CB-4273-84B0-E55145D0ABAE}.Debug|Any CPU.Build.0 = Debug|Any CPU
		{75E1D003-14CB-4273-84B0-E55145D0ABAE}.Release|Any CPU.ActiveCfg = Release|Any CPU
		{75E1D003-14CB-4273-84B0-E55145D0ABAE}.Release|Any CPU.Build.0 = Release|Any CPU
		{0C03EFDA-54F9-4D34-BF59-AA5B388E8974}.Debug|Any CPU.ActiveCfg = Debug|Any CPU
		{0C03EFDA-54F9-4D34-BF59-AA5B388E8974}.Debug|Any CPU.Build.0 = Debug|Any CPU
		{0C03EFDA-54F9-4D34-BF59-AA5B388E8974}.Release|Any CPU.ActiveCfg = Release|Any CPU
		{0C03EFDA-54F9-4D34-BF59-AA5B388E8974}.Release|Any CPU.Build.0 = Release|Any CPU
		{8C1E5FE5-582A-4075-B2BF-123A789162F9}.Debug|Any CPU.ActiveCfg = Debug|Any CPU
		{8C1E5FE5-582A-4075-B2BF-123A789162F9}.Debug|Any CPU.Build.0 = Debug|Any CPU
		{8C1E5FE5-582A-4075-B2BF-123A789162F9}.Release|Any CPU.ActiveCfg = Release|Any CPU
		{8C1E5FE5-582A-4075-B2BF-123A789162F9}.Release|Any CPU.Build.0 = Release|Any CPU
		{367E74ED-5CD4-4A97-B007-5379CC54C07D}.Debug|Any CPU.ActiveCfg = Debug|Any CPU
		{367E74ED-5CD4-4A97-B007-5379CC54C07D}.Debug|Any CPU.Build.0 = Debug|Any CPU
		{367E74ED-5CD4-4A97-B007-5379CC54C07D}.Release|Any CPU.ActiveCfg = Release|Any CPU
		{367E74ED-5CD4-4A97-B007-5379CC54C07D}.Release|Any CPU.Build.0 = Release|Any CPU
		{AD03AA54-B45D-4926-B22F-F576BE0F631A}.Debug|Any CPU.ActiveCfg = Debug|Any CPU
		{AD03AA54-B45D-4926-B22F-F576BE0F631A}.Debug|Any CPU.Build.0 = Debug|Any CPU
		{AD03AA54-B45D-4926-B22F-F576BE0F631A}.Debug|Any CPU.Deploy.0 = Debug|Any CPU
		{AD03AA54-B45D-4926-B22F-F576BE0F631A}.Release|Any CPU.ActiveCfg = Release|Any CPU
		{AD03AA54-B45D-4926-B22F-F576BE0F631A}.Release|Any CPU.Build.0 = Release|Any CPU
		{AD03AA54-B45D-4926-B22F-F576BE0F631A}.Release|Any CPU.Deploy.0 = Release|Any CPU
	EndGlobalSection
	GlobalSection(SolutionProperties) = preSolution
		HideSolutionNode = FALSE
	EndGlobalSection
	GlobalSection(ExtensibilityGlobals) = postSolution
		SolutionGuid = {E3BD4336-7E98-44E0-A47B-AA146B4563DB}
	EndGlobalSection
EndGlobal
