
Microsoft Visual Studio Solution File, Format Version 12.00
# Visual Studio Version 16
VisualStudioVersion = 16.0.30523.141
MinimumVisualStudioVersion = 10.0.40219.1
Project("{FAE04EC0-301F-11D3-BF4B-00C04F79EFBC}") = "ProjectHydraMobile.Android", "ProjectHydraMobile.Android\ProjectHydraMobile.Android.csproj", "{AD03AA54-B45D-4926-B22F-F576BE0F631A}"
EndProject
Project("{9A19103F-16F7-4668-BE54-9A1E7A4F7556}") = "ProjectHydraMobile", "ProjectHydraMobile\ProjectHydraMobile.csproj", "{06946968-B0FC-4C77-9616-2A336FE3BA0C}"
EndProject
Project("{9A19103F-16F7-4668-BE54-9A1E7A4F7556}") = "ProjectHydraDektop", "C:\Users\kcrol\source\repos\WpfApp3\ProjectHydraDektop.csproj", "{9C2A64F8-585A-4FDB-9119-2F4F67FCBDFA}"
EndProject
Project("{FAE04EC0-301F-11D3-BF4B-00C04F79EFBC}") = "ProjectHydraRestLibary", "..\ProjectHydraRestLibary\ProjectHydraRestLibary.csproj", "{02420C62-1510-4200-AF72-BD31B44643AF}"
EndProject
Global
	GlobalSection(SolutionConfigurationPlatforms) = preSolution
		Debug|Any CPU = Debug|Any CPU
		Release|Any CPU = Release|Any CPU
	EndGlobalSection
	GlobalSection(ProjectConfigurationPlatforms) = postSolution
		{AD03AA54-B45D-4926-B22F-F576BE0F631A}.Debug|Any CPU.ActiveCfg = Debug|Any CPU
		{AD03AA54-B45D-4926-B22F-F576BE0F631A}.Debug|Any CPU.Build.0 = Debug|Any CPU
		{AD03AA54-B45D-4926-B22F-F576BE0F631A}.Debug|Any CPU.Deploy.0 = Debug|Any CPU
		{AD03AA54-B45D-4926-B22F-F576BE0F631A}.Release|Any CPU.ActiveCfg = Release|Any CPU
		{AD03AA54-B45D-4926-B22F-F576BE0F631A}.Release|Any CPU.Build.0 = Release|Any CPU
		{AD03AA54-B45D-4926-B22F-F576BE0F631A}.Release|Any CPU.Deploy.0 = Release|Any CPU
		{06946968-B0FC-4C77-9616-2A336FE3BA0C}.Debug|Any CPU.ActiveCfg = Debug|Any CPU
		{06946968-B0FC-4C77-9616-2A336FE3BA0C}.Debug|Any CPU.Build.0 = Debug|Any CPU
		{06946968-B0FC-4C77-9616-2A336FE3BA0C}.Debug|Any CPU.Deploy.0 = Debug|Any CPU
		{06946968-B0FC-4C77-9616-2A336FE3BA0C}.Release|Any CPU.ActiveCfg = Release|Any CPU
		{06946968-B0FC-4C77-9616-2A336FE3BA0C}.Release|Any CPU.Build.0 = Release|Any CPU
		{06946968-B0FC-4C77-9616-2A336FE3BA0C}.Release|Any CPU.Deploy.0 = Release|Any CPU
		{9C2A64F8-585A-4FDB-9119-2F4F67FCBDFA}.Debug|Any CPU.ActiveCfg = Debug|Any CPU
		{9C2A64F8-585A-4FDB-9119-2F4F67FCBDFA}.Debug|Any CPU.Build.0 = Debug|Any CPU
		{9C2A64F8-585A-4FDB-9119-2F4F67FCBDFA}.Release|Any CPU.ActiveCfg = Release|Any CPU
		{9C2A64F8-585A-4FDB-9119-2F4F67FCBDFA}.Release|Any CPU.Build.0 = Release|Any CPU
		{02420C62-1510-4200-AF72-BD31B44643AF}.Debug|Any CPU.ActiveCfg = Debug|Any CPU
		{02420C62-1510-4200-AF72-BD31B44643AF}.Debug|Any CPU.Build.0 = Debug|Any CPU
		{02420C62-1510-4200-AF72-BD31B44643AF}.Release|Any CPU.ActiveCfg = Release|Any CPU
		{02420C62-1510-4200-AF72-BD31B44643AF}.Release|Any CPU.Build.0 = Release|Any CPU
	EndGlobalSection
	GlobalSection(SolutionProperties) = preSolution
		HideSolutionNode = FALSE
	EndGlobalSection
	GlobalSection(ExtensibilityGlobals) = postSolution
		SolutionGuid = {E768D796-14CE-49CF-A19D-CEB4C219C8DF}
	EndGlobalSection
EndGlobal
